<?xml version="1.0" encoding="utf-8"?>
<Project ToolsVersion="4.0" xmlns="http://schemas.microsoft.com/developer/msbuild/2003">
  <ItemGroup>
    <Filter Include="Core">
      <UniqueIdentifier>{9494f307-c1ec-49c3-b3a2-e8bd3267d84e}</UniqueIdentifier>
    </Filter>
    <Filter Include="Core\Window">
      <UniqueIdentifier>{a3d208ce-c616-4e32-9d2d-f8e8825c59cf}</UniqueIdentifier>
    </Filter>
    <Filter Include="include">
      <UniqueIdentifier>{1d2eb2cb-c2cc-41b4-af6d-395b05f55a04}</UniqueIdentifier>
    </Filter>
    <Filter Include="Component">
      <UniqueIdentifier>{473dfab2-3e7d-432d-8e69-65aa99f48c29}</UniqueIdentifier>
    </Filter>
    <Filter Include="Core\GPU">
      <UniqueIdentifier>{271e5bd2-7cb3-40b7-b2e5-5e343c58f910}</UniqueIdentifier>
    </Filter>
    <Filter Include="Laboratoare">
      <UniqueIdentifier>{a73d11aa-9a42-4f7c-ba61-adefedb1e0cf}</UniqueIdentifier>
    </Filter>
    <Filter Include="Laboratoare\Laborator1">
      <UniqueIdentifier>{b704d709-81d8-479e-b929-08837c1d7ded}</UniqueIdentifier>
    </Filter>
    <Filter Include="Core\Managers">
      <UniqueIdentifier>{2940a1fd-9fef-46a7-93fb-a8241118d00a}</UniqueIdentifier>
    </Filter>
    <Filter Include="Laboratoare\Laborator1\Shaders">
      <UniqueIdentifier>{1dbdbd6b-a228-4ae4-9d1d-c7705cd4a999}</UniqueIdentifier>
    </Filter>
    <Filter Include="Laboratoare\SimpleShaders">
      <UniqueIdentifier>{fe4033fd-f2cc-4062-8ff0-bd3f2ffc7a7b}</UniqueIdentifier>
    </Filter>
    <Filter Include="Laboratoare\SimpleShaders\Shaders">
      <UniqueIdentifier>{d3611b3e-1569-4beb-84dc-b9f98a46fe20}</UniqueIdentifier>
    </Filter>
    <Filter Include="Laboratoare\OpenGLTextures">
      <UniqueIdentifier>{ff3825dd-f994-426d-9d59-9ce086204307}</UniqueIdentifier>
    </Filter>
    <Filter Include="Laboratoare\OpenGLTextures\Shaders">
      <UniqueIdentifier>{0a565452-2e33-4d86-a25f-8408cdb837ef}</UniqueIdentifier>
    </Filter>
    <Filter Include="Laboratoare\GeometryShader">
      <UniqueIdentifier>{e67e8b41-86cf-43d2-a7bd-828483948957}</UniqueIdentifier>
    </Filter>
    <Filter Include="Laboratoare\GeometryShader\Shaders">
      <UniqueIdentifier>{16953af9-a2e1-4b63-ade5-0aaf5d254686}</UniqueIdentifier>
    </Filter>
    <Filter Include="Laboratoare\FrameBuffers">
      <UniqueIdentifier>{3e370328-9435-487c-a314-b08a222c784c}</UniqueIdentifier>
    </Filter>
    <Filter Include="Laboratoare\FrameBuffers\Shaders">
      <UniqueIdentifier>{6f51adb0-3703-46fb-b0cb-57f7fe8de9d2}</UniqueIdentifier>
    </Filter>
    <Filter Include="Laboratoare\DeferredShading">
      <UniqueIdentifier>{b8bb4f9c-79bc-4082-8005-8c44129c748b}</UniqueIdentifier>
    </Filter>
    <Filter Include="Laboratoare\DeferredShading\Shaders">
      <UniqueIdentifier>{76583261-4a75-4649-845a-872359d5b838}</UniqueIdentifier>
    </Filter>
    <Filter Include="Laboratoare\PhongLighting">
      <UniqueIdentifier>{52f08713-2705-4659-bbfa-55ebc6e07280}</UniqueIdentifier>
    </Filter>
    <Filter Include="Laboratoare\PhongLighting\Shaders">
      <UniqueIdentifier>{4a1d409a-b5e5-4d33-8b32-f835c5026f2c}</UniqueIdentifier>
    </Filter>
    <Filter Include="Laboratoare\EnvironmentMapping">
      <UniqueIdentifier>{9b92d698-7638-404a-85df-eaabc35b2412}</UniqueIdentifier>
    </Filter>
    <Filter Include="Laboratoare\ShadowMapping">
      <UniqueIdentifier>{e1faac8d-7fb0-4143-83ba-6d936d9b52f3}</UniqueIdentifier>
    </Filter>
    <Filter Include="Laboratoare\ShadowMapping\Shaders">
      <UniqueIdentifier>{975ba555-ac16-423e-8706-a1b02cf537f6}</UniqueIdentifier>
    </Filter>
    <Filter Include="Laboratoare\ComputeShaders">
      <UniqueIdentifier>{ea59952e-5eea-44a9-b328-a06e711c07fe}</UniqueIdentifier>
    </Filter>
    <Filter Include="Laboratoare\ComputeShaders\Shaders">
      <UniqueIdentifier>{26ac03b7-4d64-43f0-bb58-3fcbd6b2494c}</UniqueIdentifier>
    </Filter>
    <Filter Include="Laboratoare\ComputeShadersEx">
      <UniqueIdentifier>{6409dbb5-d9e2-469d-82aa-d493a11a5501}</UniqueIdentifier>
    </Filter>
    <Filter Include="Laboratoare\ComputeShadersEx\Shaders">
      <UniqueIdentifier>{0f1d4fc2-46f7-4775-a255-38a12c4419ec}</UniqueIdentifier>
    </Filter>
    <Filter Include="Laboratoare\EnvironmentMapping\Shaders">
      <UniqueIdentifier>{1fb8fe8f-ebdd-4b7a-951a-bf5095842e45}</UniqueIdentifier>
    </Filter>
  </ItemGroup>
  <ItemGroup>
    <ClCompile Include="..\Source\Core\Engine.cpp">
      <Filter>Core</Filter>
    </ClCompile>
    <ClCompile Include="..\Source\Core\World.cpp">
      <Filter>Core</Filter>
    </ClCompile>
    <ClCompile Include="..\Source\include\gl.cpp">
      <Filter>include</Filter>
    </ClCompile>
    <ClCompile Include="..\Source\Core\Window\WindowObject.cpp">
      <Filter>Core\Window</Filter>
    </ClCompile>
    <ClCompile Include="..\Source\Core\GPU\Shader.cpp">
      <Filter>Core\GPU</Filter>
    </ClCompile>
    <ClCompile Include="..\Source\Laboratoare\Laborator1\Laborator1.cpp">
      <Filter>Laboratoare\Laborator1</Filter>
    </ClCompile>
    <ClCompile Include="..\Source\Core\Window\WindowCallbacks.cpp">
      <Filter>Core\Window</Filter>
    </ClCompile>
    <ClCompile Include="..\Source\Core\GPU\Mesh.cpp">
      <Filter>Core\GPU</Filter>
    </ClCompile>
    <ClCompile Include="..\Source\Core\GPU\Texture2D.cpp">
      <Filter>Core\GPU</Filter>
    </ClCompile>
    <ClCompile Include="..\Source\Core\Managers\TextureManager.cpp">
      <Filter>Core\Managers</Filter>
    </ClCompile>
    <ClCompile Include="..\Source\Component\CameraInput.cpp">
      <Filter>Component</Filter>
    </ClCompile>
    <ClCompile Include="..\Source\Core\Window\InputController.cpp">
      <Filter>Core\Window</Filter>
    </ClCompile>
    <ClCompile Include="..\Source\Component\SimpleScene.cpp">
      <Filter>Component</Filter>
    </ClCompile>
    <ClCompile Include="..\Source\Core\GPU\GPUBuffers.cpp">
      <Filter>Core\GPU</Filter>
    </ClCompile>
    <ClCompile Include="..\Source\Component\SceneInput.cpp">
      <Filter>Component</Filter>
    </ClCompile>
    <ClCompile Include="..\Source\Core\GPU\FrameBuffer.cpp">
      <Filter>Core\GPU</Filter>
    </ClCompile>
    <ClCompile Include="..\Source\Main.cpp" />
    <ClCompile Include="..\Source\Laboratoare\SimpleShaders\SimpleShaders.cpp">
      <Filter>Laboratoare\SimpleShaders</Filter>
    </ClCompile>
    <ClCompile Include="..\Source\Laboratoare\OpenGLTextures\OpenGLTextures.cpp">
      <Filter>Laboratoare\OpenGLTextures</Filter>
    </ClCompile>
    <ClCompile Include="..\Source\Laboratoare\GeometryShader\GeometryShader.cpp">
      <Filter>Laboratoare\GeometryShader</Filter>
    </ClCompile>
    <ClCompile Include="..\Source\Laboratoare\FrameBuffers\FrameBuffers.cpp">
      <Filter>Laboratoare\FrameBuffers</Filter>
    </ClCompile>
    <ClCompile Include="..\Source\Laboratoare\DeferredShading\DeferredShading.cpp">
      <Filter>Laboratoare\DeferredShading</Filter>
    </ClCompile>
    <ClCompile Include="..\Source\Laboratoare\PhongLighting\PhongLighting.cpp">
      <Filter>Laboratoare\PhongLighting</Filter>
    </ClCompile>
    <ClCompile Include="..\Source\Laboratoare\ShadowMapping\ShadowMapping.cpp">
      <Filter>Laboratoare\ShadowMapping</Filter>
    </ClCompile>
    <ClCompile Include="..\Source\Laboratoare\EnvironmentMapping\EnvironmentMapping.cpp">
      <Filter>Laboratoare\EnvironmentMapping</Filter>
    </ClCompile>
    <ClCompile Include="..\Source\Laboratoare\ComputeShaders\ComputeShaders.cpp">
      <Filter>Laboratoare\ComputeShaders</Filter>
    </ClCompile>
    <ClCompile Include="..\Source\Laboratoare\ComputeShadersEx\ComputeShadersEx.cpp">
      <Filter>Laboratoare\ComputeShadersEx</Filter>
    </ClCompile>
  </ItemGroup>
  <ItemGroup>
    <ClInclude Include="..\Source\Core\World.h">
      <Filter>Core</Filter>
    </ClInclude>
    <ClInclude Include="..\Source\Core\Engine.h">
      <Filter>Core</Filter>
    </ClInclude>
    <ClInclude Include="..\Source\include\gl.h">
      <Filter>include</Filter>
    </ClInclude>
    <ClInclude Include="..\Source\include\glm.h">
      <Filter>include</Filter>
    </ClInclude>
    <ClInclude Include="..\Source\include\math.h">
      <Filter>include</Filter>
    </ClInclude>
    <ClInclude Include="..\Source\include\utils.h">
      <Filter>include</Filter>
    </ClInclude>
    <ClInclude Include="..\Source\Core\Window\WindowObject.h">
      <Filter>Core\Window</Filter>
    </ClInclude>
    <ClInclude Include="..\Source\Core\GPU\Shader.h">
      <Filter>Core\GPU</Filter>
    </ClInclude>
    <ClInclude Include="..\Source\Laboratoare\Laborator1\Laborator1.h">
      <Filter>Laboratoare\Laborator1</Filter>
    </ClInclude>
    <ClInclude Include="..\Source\Core\Window\WindowCallbacks.h">
      <Filter>Core\Window</Filter>
    </ClInclude>
    <ClInclude Include="..\Source\Core\GPU\Mesh.h">
      <Filter>Core\GPU</Filter>
    </ClInclude>
    <ClInclude Include="..\Source\Core\GPU\Texture2D.h">
      <Filter>Core\GPU</Filter>
    </ClInclude>
    <ClInclude Include="..\Source\Laboratoare\LabList.h">
      <Filter>Laboratoare</Filter>
    </ClInclude>
    <ClInclude Include="..\Source\Core\Managers\ResourcePath.h">
      <Filter>Core\Managers</Filter>
    </ClInclude>
    <ClInclude Include="..\Source\Core\Managers\TextureManager.h">
      <Filter>Core\Managers</Filter>
    </ClInclude>
    <ClInclude Include="..\Source\Component\CameraInput.h">
      <Filter>Component</Filter>
    </ClInclude>
    <ClInclude Include="..\Source\Core\Window\InputController.h">
      <Filter>Core\Window</Filter>
    </ClInclude>
    <ClInclude Include="..\Source\Component\SimpleScene.h">
      <Filter>Component</Filter>
    </ClInclude>
    <ClInclude Include="..\Source\Core\GPU\GPUBuffers.h">
      <Filter>Core\GPU</Filter>
    </ClInclude>
    <ClInclude Include="..\Source\Component\SceneInput.h">
      <Filter>Component</Filter>
    </ClInclude>
    <ClInclude Include="..\Source\Core\GPU\SSBO.h">
      <Filter>Core\GPU</Filter>
    </ClInclude>
    <ClInclude Include="..\Source\Core\GPU\FrameBuffer.h">
      <Filter>Core\GPU</Filter>
    </ClInclude>
    <ClInclude Include="..\Source\Core\GPU\ParticleEffect.h">
      <Filter>Core\GPU</Filter>
    </ClInclude>
    <ClInclude Include="..\Source\Laboratoare\SimpleShaders\SimpleShaders.h">
      <Filter>Laboratoare\SimpleShaders</Filter>
    </ClInclude>
    <ClInclude Include="..\Source\Laboratoare\OpenGLTextures\OpenGLTextures.h">
      <Filter>Laboratoare\OpenGLTextures</Filter>
    </ClInclude>
    <ClInclude Include="..\Source\Laboratoare\GeometryShader\GeometryShader.h">
      <Filter>Laboratoare\GeometryShader</Filter>
    </ClInclude>
    <ClInclude Include="..\Source\Laboratoare\FrameBuffers\FrameBuffers.h">
      <Filter>Laboratoare\FrameBuffers</Filter>
    </ClInclude>
    <ClInclude Include="..\Source\Laboratoare\DeferredShading\DeferredShading.h">
      <Filter>Laboratoare\DeferredShading</Filter>
    </ClInclude>
    <ClInclude Include="..\Source\Laboratoare\PhongLighting\PhongLighting.h">
      <Filter>Laboratoare\PhongLighting</Filter>
    </ClInclude>
    <ClInclude Include="..\Source\Laboratoare\ShadowMapping\ShadowMapping.h">
      <Filter>Laboratoare\ShadowMapping</Filter>
    </ClInclude>
    <ClInclude Include="..\Source\Laboratoare\EnvironmentMapping\EnvironmentMapping.h">
      <Filter>Laboratoare\EnvironmentMapping</Filter>
    </ClInclude>
    <ClInclude Include="..\Source\Laboratoare\ComputeShaders\ComputeShaders.h">
      <Filter>Laboratoare\ComputeShaders</Filter>
    </ClInclude>
    <ClInclude Include="..\Source\Laboratoare\ComputeShadersEx\ComputeShadersEx.h">
      <Filter>Laboratoare\ComputeShadersEx</Filter>
    </ClInclude>
  </ItemGroup>
  <ItemGroup>
    <None Include="..\Source\Laboratoare\Laborator1\Shaders\FragmentShader.glsl">
      <Filter>Laboratoare\Laborator1\Shaders</Filter>
    </None>
    <None Include="..\Source\Laboratoare\Laborator1\Shaders\VertexShader.glsl">
      <Filter>Laboratoare\Laborator1\Shaders</Filter>
    </None>
    <None Include="..\Source\Laboratoare\Laborator1\Shaders\GeometryShader.glsl">
      <Filter>Laboratoare\Laborator1\Shaders</Filter>
    </None>
    <None Include="..\Source\Laboratoare\SimpleShaders\Shaders\FragmentShader.glsl">
      <Filter>Laboratoare\SimpleShaders\Shaders</Filter>
    </None>
    <None Include="..\Source\Laboratoare\SimpleShaders\Shaders\GeometryShader.glsl">
      <Filter>Laboratoare\SimpleShaders\Shaders</Filter>
    </None>
    <None Include="..\Source\Laboratoare\SimpleShaders\Shaders\VertexShader.glsl">
      <Filter>Laboratoare\SimpleShaders\Shaders</Filter>
    </None>
    <None Include="..\Source\Laboratoare\OpenGLTextures\Shaders\FragmentShader.glsl">
      <Filter>Laboratoare\OpenGLTextures\Shaders</Filter>
    </None>
    <None Include="..\Source\Laboratoare\OpenGLTextures\Shaders\VertexShader.glsl">
      <Filter>Laboratoare\OpenGLTextures\Shaders</Filter>
    </None>
    <None Include="..\Source\Laboratoare\FrameBuffers\Shaders\FragmentShader.glsl">
      <Filter>Laboratoare\FrameBuffers\Shaders</Filter>
    </None>
    <None Include="..\Source\Laboratoare\FrameBuffers\Shaders\VertexShader.glsl">
      <Filter>Laboratoare\FrameBuffers\Shaders</Filter>
    </None>
    <None Include="..\Source\Laboratoare\GeometryShader\Shaders\Particle.VS.glsl">
      <Filter>Laboratoare\GeometryShader\Shaders</Filter>
    </None>
    <None Include="..\Source\Laboratoare\GeometryShader\Shaders\Particle.GS.glsl">
      <Filter>Laboratoare\GeometryShader\Shaders</Filter>
    </None>
    <None Include="..\Source\Laboratoare\GeometryShader\Shaders\Particle.FS.glsl">
      <Filter>Laboratoare\GeometryShader\Shaders</Filter>
    </None>
    <None Include="..\Source\Laboratoare\GeometryShader\Shaders\Geometry.FS.glsl">
      <Filter>Laboratoare\GeometryShader\Shaders</Filter>
    </None>
    <None Include="..\Source\Laboratoare\GeometryShader\Shaders\Geometry.GS.glsl">
      <Filter>Laboratoare\GeometryShader\Shaders</Filter>
    </None>
    <None Include="..\Source\Laboratoare\GeometryShader\Shaders\Geometry.VS.glsl">
      <Filter>Laboratoare\GeometryShader\Shaders</Filter>
    </None>
    <None Include="..\Source\Laboratoare\GeometryShader\Shaders\TriangleNormals.FS.glsl">
      <Filter>Laboratoare\GeometryShader\Shaders</Filter>
    </None>
    <None Include="..\Source\Laboratoare\GeometryShader\Shaders\TriangleNormals.GS.glsl">
      <Filter>Laboratoare\GeometryShader\Shaders</Filter>
    </None>
    <None Include="..\Source\Laboratoare\GeometryShader\Shaders\TriangleNormals.VS.glsl">
      <Filter>Laboratoare\GeometryShader\Shaders</Filter>
    </None>
    <None Include="..\Source\Laboratoare\GeometryShader\Shaders\Simple.FS.glsl">
      <Filter>Laboratoare\GeometryShader\Shaders</Filter>
    </None>
    <None Include="..\Source\Laboratoare\GeometryShader\Shaders\Simple.VS.glsl">
      <Filter>Laboratoare\GeometryShader\Shaders</Filter>
    </None>
    <None Include="..\Source\Laboratoare\FrameBuffers\Shaders\FullScreenPass.FS.glsl">
      <Filter>Laboratoare\FrameBuffers\Shaders</Filter>
    </None>
    <None Include="..\Source\Laboratoare\FrameBuffers\Shaders\FullScreenPass.VS.glsl">
      <Filter>Laboratoare\FrameBuffers\Shaders</Filter>
    </None>
    <None Include="..\Source\Laboratoare\DeferredShading\Shaders\Composition.FS.glsl">
      <Filter>Laboratoare\DeferredShading\Shaders</Filter>
    </None>
    <None Include="..\Source\Laboratoare\DeferredShading\Shaders\Composition.VS.glsl">
      <Filter>Laboratoare\DeferredShading\Shaders</Filter>
    </None>
    <None Include="..\Source\Laboratoare\DeferredShading\Shaders\LightPass.FS.glsl">
      <Filter>Laboratoare\DeferredShading\Shaders</Filter>
    </None>
    <None Include="..\Source\Laboratoare\DeferredShading\Shaders\LightPass.VS.glsl">
      <Filter>Laboratoare\DeferredShading\Shaders</Filter>
    </None>
    <None Include="..\Source\Laboratoare\DeferredShading\Shaders\Render2Texture.FS.glsl">
      <Filter>Laboratoare\DeferredShading\Shaders</Filter>
    </None>
    <None Include="..\Source\Laboratoare\DeferredShading\Shaders\Render2Texture.VS.glsl">
      <Filter>Laboratoare\DeferredShading\Shaders</Filter>
    </None>
    <None Include="..\Source\Laboratoare\PhongLighting\Shaders\PhongLighting.FS.glsl">
      <Filter>Laboratoare\PhongLighting\Shaders</Filter>
    </None>
    <None Include="..\Source\Laboratoare\PhongLighting\Shaders\PhongLighting.VS.glsl">
      <Filter>Laboratoare\PhongLighting\Shaders</Filter>
    </None>
    <None Include="..\Source\Laboratoare\ShadowMapping\Shaders\ShadowMapping.FS.glsl">
      <Filter>Laboratoare\ShadowMapping\Shaders</Filter>
    </None>
    <None Include="..\Source\Laboratoare\ShadowMapping\Shaders\ShadowMapping.VS.glsl">
      <Filter>Laboratoare\ShadowMapping\Shaders</Filter>
    </None>
    <None Include="..\Source\Laboratoare\ShadowMapping\Shaders\SimplePass.VS.glsl">
      <Filter>Laboratoare\ShadowMapping\Shaders</Filter>
    </None>
    <None Include="..\Source\Laboratoare\ShadowMapping\Shaders\SimplePass.FS.glsl">
      <Filter>Laboratoare\ShadowMapping\Shaders</Filter>
    </None>
    <None Include="..\Source\Laboratoare\ShadowMapping\Shaders\TextureDebug.FS.glsl">
      <Filter>Laboratoare\ShadowMapping\Shaders</Filter>
    </None>
    <None Include="..\Source\Laboratoare\ShadowMapping\Shaders\TextureDebug.VS.glsl">
      <Filter>Laboratoare\ShadowMapping\Shaders</Filter>
    </None>
    <None Include="..\Source\Laboratoare\EnvironmentMapping\Shaders\CubeMap.FS.glsl">
      <Filter>Laboratoare\EnvironmentMapping\Shaders</Filter>
    </None>
    <None Include="..\Source\Laboratoare\EnvironmentMapping\Shaders\CubeMap.VS.glsl">
      <Filter>Laboratoare\EnvironmentMapping\Shaders</Filter>
    </None>
    <None Include="..\Source\Laboratoare\EnvironmentMapping\Shaders\Normal.FS.glsl">
      <Filter>Laboratoare\EnvironmentMapping\Shaders</Filter>
    </None>
    <None Include="..\Source\Laboratoare\EnvironmentMapping\Shaders\Normal.VS.glsl">
      <Filter>Laboratoare\EnvironmentMapping\Shaders</Filter>
    </None>
    <None Include="..\Source\Laboratoare\ComputeShaders\Shaders\FullScreenPass.VS.glsl">
      <Filter>Laboratoare\ComputeShaders\Shaders</Filter>
    </None>
    <None Include="..\Source\Laboratoare\ComputeShaders\Shaders\VertexShader.glsl">
      <Filter>Laboratoare\ComputeShaders\Shaders</Filter>
    </None>
    <None Include="..\Source\Laboratoare\ComputeShaders\Shaders\FragmentShader.glsl">
      <Filter>Laboratoare\ComputeShaders\Shaders</Filter>
    </None>
    <None Include="..\Source\Laboratoare\ComputeShaders\Shaders\FullScreenPass.FS.glsl">
      <Filter>Laboratoare\ComputeShaders\Shaders</Filter>
    </None>
    <None Include="..\Source\Laboratoare\ComputeShaders\Shaders\ComputeShader.CS.glsl">
      <Filter>Laboratoare\ComputeShaders\Shaders</Filter>
    </None>
    <None Include="..\Source\Laboratoare\ComputeShadersEx\Shaders\Blur.FS.glsl">
      <Filter>Laboratoare\ComputeShadersEx\Shaders</Filter>
    </None>
    <None Include="..\Source\Laboratoare\ComputeShadersEx\Shaders\Blur.VS.glsl">
      <Filter>Laboratoare\ComputeShadersEx\Shaders</Filter>
    </None>
    <None Include="..\Source\Laboratoare\ComputeShadersEx\Shaders\ComputeShader.CS.glsl">
      <Filter>Laboratoare\ComputeShadersEx\Shaders</Filter>
    </None>
    <None Include="..\Source\Laboratoare\ComputeShadersEx\Shaders\FragmentShader.glsl">
      <Filter>Laboratoare\ComputeShadersEx\Shaders</Filter>
    </None>
    <None Include="..\Source\Laboratoare\ComputeShadersEx\Shaders\FullScreenPass.FS.glsl">
      <Filter>Laboratoare\ComputeShadersEx\Shaders</Filter>
    </None>
    <None Include="..\Source\Laboratoare\ComputeShadersEx\Shaders\FullScreenPass.VS.glsl">
      <Filter>Laboratoare\ComputeShadersEx\Shaders</Filter>
    </None>
    <None Include="..\Source\Laboratoare\ComputeShadersEx\Shaders\VertexShader.glsl">
      <Filter>Laboratoare\ComputeShadersEx\Shaders</Filter>
    </None>
  </ItemGroup>
</Project>